
Microsoft Visual Studio Solution File, Format Version 12.00
# Visual Studio Version 16
VisualStudioVersion = 16.0.29009.5
MinimumVisualStudioVersion = 10.0.40219.1
Project("{FAE04EC0-301F-11D3-BF4B-00C04F79EFBC}") = "DataAnalyzer", "DataAnalyzer\DataAnalyzer.csproj", "{ADE1E569-CDED-44AE-8158-196CFA5845F3}"
EndProject
Project("{FAE04EC0-301F-11D3-BF4B-00C04F79EFBC}") = "Eyedata", "Eyedata\Eyedata.csproj", "{68994C37-18DC-41E4-89AF-BB3527C26961}"
EndProject
Project("{FAE04EC0-301F-11D3-BF4B-00C04F79EFBC}") = "TraceConverter", "TraceConverter\TraceConverter.csproj", "{566BCAA2-1017-4894-B08F-11153B4F31F9}"
EndProject
Project("{FAE04EC0-301F-11D3-BF4B-00C04F79EFBC}") = "DirectoryFinder", "DirectoryFinder\DirectoryFinder.csproj", "{2471A83E-B663-4892-AABF-CAE6A6C92798}"
EndProject
Global
	GlobalSection(SolutionConfigurationPlatforms) = preSolution
		Debug|Any CPU = Debug|Any CPU
		Release|Any CPU = Release|Any CPU
	EndGlobalSection
	GlobalSection(ProjectConfigurationPlatforms) = postSolution
		{ADE1E569-CDED-44AE-8158-196CFA5845F3}.Debug|Any CPU.ActiveCfg = Debug|Any CPU
		{ADE1E569-CDED-44AE-8158-196CFA5845F3}.Debug|Any CPU.Build.0 = Debug|Any CPU
		{ADE1E569-CDED-44AE-8158-196CFA5845F3}.Release|Any CPU.ActiveCfg = Release|Any CPU
		{ADE1E569-CDED-44AE-8158-196CFA5845F3}.Release|Any CPU.Build.0 = Release|Any CPU
		{68994C37-18DC-41E4-89AF-BB3527C26961}.Debug|Any CPU.ActiveCfg = Debug|Any CPU
		{68994C37-18DC-41E4-89AF-BB3527C26961}.Debug|Any CPU.Build.0 = Debug|Any CPU
		{68994C37-18DC-41E4-89AF-BB3527C26961}.Release|Any CPU.ActiveCfg = Release|Any CPU
		{68994C37-18DC-41E4-89AF-BB3527C26961}.Release|Any CPU.Build.0 = Release|Any CPU
		{566BCAA2-1017-4894-B08F-11153B4F31F9}.Debug|Any CPU.ActiveCfg = Debug|Any CPU
		{566BCAA2-1017-4894-B08F-11153B4F31F9}.Debug|Any CPU.Build.0 = Debug|Any CPU
		{566BCAA2-1017-4894-B08F-11153B4F31F9}.Release|Any CPU.ActiveCfg = Release|Any CPU
		{566BCAA2-1017-4894-B08F-11153B4F31F9}.Release|Any CPU.Build.0 = Release|Any CPU
		{2471A83E-B663-4892-AABF-CAE6A6C92798}.Debug|Any CPU.ActiveCfg = Debug|Any CPU
		{2471A83E-B663-4892-AABF-CAE6A6C92798}.Debug|Any CPU.Build.0 = Debug|Any CPU
		{2471A83E-B663-4892-AABF-CAE6A6C92798}.Release|Any CPU.ActiveCfg = Release|Any CPU
		{2471A83E-B663-4892-AABF-CAE6A6C92798}.Release|Any CPU.Build.0 = Release|Any CPU
	EndGlobalSection
	GlobalSection(SolutionProperties) = preSolution
		HideSolutionNode = FALSE
	EndGlobalSection
	GlobalSection(ExtensibilityGlobals) = postSolution
		SolutionGuid = {8C11EB82-50C9-4A57-B560-3734D568AFA8}
	EndGlobalSection
EndGlobal
