
Microsoft Visual Studio Solution File, Format Version 12.00
# Visual Studio 15
VisualStudioVersion = 15.0.27130.2010
MinimumVisualStudioVersion = 10.0.40219.1
Project("{FAE04EC0-301F-11D3-BF4B-00C04F79EFBC}") = "DataAnalyser", "DataAnalyzer\DataAnalyser.csproj", "{ADE1E569-CDED-44AE-8158-196CFA5845F3}"
EndProject
Global
	GlobalSection(SolutionConfigurationPlatforms) = preSolution
		Debug|Any CPU = Debug|Any CPU
		Release|Any CPU = Release|Any CPU
	EndGlobalSection
	GlobalSection(ProjectConfigurationPlatforms) = postSolution
		{ADE1E569-CDED-44AE-8158-196CFA5845F3}.Debug|Any CPU.ActiveCfg = Debug|Any CPU
		{ADE1E569-CDED-44AE-8158-196CFA5845F3}.Debug|Any CPU.Build.0 = Debug|Any CPU
		{ADE1E569-CDED-44AE-8158-196CFA5845F3}.Release|Any CPU.ActiveCfg = Release|Any CPU
		{ADE1E569-CDED-44AE-8158-196CFA5845F3}.Release|Any CPU.Build.0 = Release|Any CPU
	EndGlobalSection
	GlobalSection(SolutionProperties) = preSolution
		HideSolutionNode = FALSE
	EndGlobalSection
	GlobalSection(ExtensibilityGlobals) = postSolution
		SolutionGuid = {8C11EB82-50C9-4A57-B560-3734D568AFA8}
	EndGlobalSection
EndGlobal
